// !$*UTF8*$!
{
	archiveVersion = 1;
	classes = {
	};
	objectVersion = 46;
	objects = {

/* Begin PBXBuildFile section */
		360F8F2D12F6B91900C69C6F /* XfireKit.cpp in Sources */ = {isa = PBXBuildFile; fileRef = 360F8F2B12F6B91900C69C6F /* XfireKit.cpp */; };
		360F8F2E12F6B91900C69C6F /* XfireKit.h in Headers */ = {isa = PBXBuildFile; fileRef = 360F8F2C12F6B91900C69C6F /* XfireKit.h */; };
		360F8F3112F6B95C00C69C6F /* sha1.c in Sources */ = {isa = PBXBuildFile; fileRef = 360F8F2F12F6B95C00C69C6F /* sha1.c */; };
		360F8F3212F6B95C00C69C6F /* sha1.h in Headers */ = {isa = PBXBuildFile; fileRef = 360F8F3012F6B95C00C69C6F /* sha1.h */; };
		360F8F3412F6B98200C69C6F /* SessionID.h in Headers */ = {isa = PBXBuildFile; fileRef = 360F8F3312F6B98200C69C6F /* SessionID.h */; };
		360F8F3612F6B98A00C69C6F /* SessionID.cpp in Sources */ = {isa = PBXBuildFile; fileRef = 360F8F3512F6B98A00C69C6F /* SessionID.cpp */; };
		360F8F3D12F6BAE500C69C6F /* Moniker.cpp in Sources */ = {isa = PBXBuildFile; fileRef = 360F8F3B12F6BAE500C69C6F /* Moniker.cpp */; };
		360F8F3E12F6BAE500C69C6F /* Moniker.h in Headers */ = {isa = PBXBuildFile; fileRef = 360F8F3C12F6BAE500C69C6F /* Moniker.h */; };
		36778CCC139FEFDE009225CE /* Friend.cpp in Sources */ = {isa = PBXBuildFile; fileRef = 36778CCA139FEFDE009225CE /* Friend.cpp */; };
		36778CCD139FEFDE009225CE /* Friend.h in Headers */ = {isa = PBXBuildFile; fileRef = 36778CCB139FEFDE009225CE /* Friend.h */; };
		36D56D51139FAC9200D2BC1B /* AbstractSocketFactory.h in Headers */ = {isa = PBXBuildFile; fileRef = 36D56D45139FAC9200D2BC1B /* AbstractSocketFactory.h */; };
		36D56D52139FAC9200D2BC1B /* ByteStorage.cpp in Sources */ = {isa = PBXBuildFile; fileRef = 36D56D46139FAC9200D2BC1B /* ByteStorage.cpp */; };
		36D56D53139FAC9200D2BC1B /* ByteStorage.h in Headers */ = {isa = PBXBuildFile; fileRef = 36D56D47139FAC9200D2BC1B /* ByteStorage.h */; };
		36D56D54139FAC9200D2BC1B /* Session.cpp in Sources */ = {isa = PBXBuildFile; fileRef = 36D56D48139FAC9200D2BC1B /* Session.cpp */; };
		36D56D55139FAC9200D2BC1B /* Session.h in Headers */ = {isa = PBXBuildFile; fileRef = 36D56D49139FAC9200D2BC1B /* Session.h */; };
		36D56D56139FAC9200D2BC1B /* SocketDelegate.h in Headers */ = {isa = PBXBuildFile; fileRef = 36D56D4A139FAC9200D2BC1B /* SocketDelegate.h */; };
		36D56D57139FAC9200D2BC1B /* TcpSocket.cpp in Sources */ = {isa = PBXBuildFile; fileRef = 36D56D4B139FAC9200D2BC1B /* TcpSocket.cpp */; };
		36D56D58139FAC9200D2BC1B /* TcpSocket.h in Headers */ = {isa = PBXBuildFile; fileRef = 36D56D4C139FAC9200D2BC1B /* TcpSocket.h */; };
		36D56D59139FAC9200D2BC1B /* UdpSocket.cpp in Sources */ = {isa = PBXBuildFile; fileRef = 36D56D4D139FAC9200D2BC1B /* UdpSocket.cpp */; };
		36D56D5A139FAC9200D2BC1B /* UdpSocket.h in Headers */ = {isa = PBXBuildFile; fileRef = 36D56D4E139FAC9200D2BC1B /* UdpSocket.h */; };
		36D56D5B139FAC9200D2BC1B /* XfireConnection.cpp in Sources */ = {isa = PBXBuildFile; fileRef = 36D56D4F139FAC9200D2BC1B /* XfireConnection.cpp */; };
		36D56D5C139FAC9200D2BC1B /* XfireConnection.h in Headers */ = {isa = PBXBuildFile; fileRef = 36D56D50139FAC9200D2BC1B /* XfireConnection.h */; };
/* End PBXBuildFile section */

/* Begin PBXFileReference section */
		360F8F1A12F6B8DC00C69C6F /* XfireKit.dylib */ = {isa = PBXFileReference; explicitFileType = "compiled.mach-o.dylib"; includeInIndex = 0; path = XfireKit.dylib; sourceTree = BUILT_PRODUCTS_DIR; };
		360F8F1E12F6B8DC00C69C6F /* XfireKit-Prefix.pch */ = {isa = PBXFileReference; lastKnownFileType = sourcecode.c.h; path = "XfireKit-Prefix.pch"; sourceTree = "<group>"; };
		360F8F1F12F6B8DC00C69C6F /* XfireKitProj.xcconfig */ = {isa = PBXFileReference; lastKnownFileType = text.xcconfig; path = XfireKitProj.xcconfig; sourceTree = "<group>"; };
		360F8F2012F6B8DC00C69C6F /* XfireKitTarget.xcconfig */ = {isa = PBXFileReference; lastKnownFileType = text.xcconfig; path = XfireKitTarget.xcconfig; sourceTree = "<group>"; };
		360F8F2B12F6B91900C69C6F /* XfireKit.cpp */ = {isa = PBXFileReference; fileEncoding = 4; lastKnownFileType = sourcecode.cpp.cpp; name = XfireKit.cpp; path = ../../source/XfireKit.cpp; sourceTree = "<group>"; };
		360F8F2C12F6B91900C69C6F /* XfireKit.h */ = {isa = PBXFileReference; fileEncoding = 4; lastKnownFileType = sourcecode.c.h; name = XfireKit.h; path = ../../source/XfireKit.h; sourceTree = "<group>"; };
		360F8F2F12F6B95C00C69C6F /* sha1.c */ = {isa = PBXFileReference; fileEncoding = 4; lastKnownFileType = sourcecode.c.c; name = sha1.c; path = ../../source/sha1.c; sourceTree = "<group>"; };
		360F8F3012F6B95C00C69C6F /* sha1.h */ = {isa = PBXFileReference; fileEncoding = 4; lastKnownFileType = sourcecode.c.h; name = sha1.h; path = ../../source/sha1.h; sourceTree = "<group>"; };
		360F8F3312F6B98200C69C6F /* SessionID.h */ = {isa = PBXFileReference; fileEncoding = 4; lastKnownFileType = sourcecode.c.h; name = SessionID.h; path = ../../source/SessionID.h; sourceTree = "<group>"; };
		360F8F3512F6B98A00C69C6F /* SessionID.cpp */ = {isa = PBXFileReference; fileEncoding = 4; lastKnownFileType = sourcecode.cpp.cpp; name = SessionID.cpp; path = ../../source/SessionID.cpp; sourceTree = "<group>"; };
		360F8F3B12F6BAE500C69C6F /* Moniker.cpp */ = {isa = PBXFileReference; fileEncoding = 4; lastKnownFileType = sourcecode.cpp.cpp; name = Moniker.cpp; path = ../../source/Moniker.cpp; sourceTree = "<group>"; };
		360F8F3C12F6BAE500C69C6F /* Moniker.h */ = {isa = PBXFileReference; fileEncoding = 4; lastKnownFileType = sourcecode.c.h; name = Moniker.h; path = ../../source/Moniker.h; sourceTree = "<group>"; };
		36778CCA139FEFDE009225CE /* Friend.cpp */ = {isa = PBXFileReference; fileEncoding = 4; lastKnownFileType = sourcecode.cpp.cpp; name = Friend.cpp; path = ../source/Friend.cpp; sourceTree = SOURCE_ROOT; };
		36778CCB139FEFDE009225CE /* Friend.h */ = {isa = PBXFileReference; fileEncoding = 4; lastKnownFileType = sourcecode.c.h; name = Friend.h; path = ../source/Friend.h; sourceTree = SOURCE_ROOT; };
		36D56D45139FAC9200D2BC1B /* AbstractSocketFactory.h */ = {isa = PBXFileReference; fileEncoding = 4; lastKnownFileType = sourcecode.c.h; name = AbstractSocketFactory.h; path = ../source/AbstractSocketFactory.h; sourceTree = SOURCE_ROOT; };
		36D56D46139FAC9200D2BC1B /* ByteStorage.cpp */ = {isa = PBXFileReference; fileEncoding = 4; lastKnownFileType = sourcecode.cpp.cpp; name = ByteStorage.cpp; path = ../source/ByteStorage.cpp; sourceTree = SOURCE_ROOT; };
		36D56D47139FAC9200D2BC1B /* ByteStorage.h */ = {isa = PBXFileReference; fileEncoding = 4; lastKnownFileType = sourcecode.c.h; name = ByteStorage.h; path = ../source/ByteStorage.h; sourceTree = SOURCE_ROOT; };
		36D56D48139FAC9200D2BC1B /* Session.cpp */ = {isa = PBXFileReference; fileEncoding = 4; lastKnownFileType = sourcecode.cpp.cpp; name = Session.cpp; path = ../source/Session.cpp; sourceTree = SOURCE_ROOT; };
		36D56D49139FAC9200D2BC1B /* Session.h */ = {isa = PBXFileReference; fileEncoding = 4; lastKnownFileType = sourcecode.c.h; name = Session.h; path = ../source/Session.h; sourceTree = SOURCE_ROOT; };
		36D56D4A139FAC9200D2BC1B /* SocketDelegate.h */ = {isa = PBXFileReference; fileEncoding = 4; lastKnownFileType = sourcecode.c.h; name = SocketDelegate.h; path = ../source/SocketDelegate.h; sourceTree = SOURCE_ROOT; };
		36D56D4B139FAC9200D2BC1B /* TcpSocket.cpp */ = {isa = PBXFileReference; fileEncoding = 4; lastKnownFileType = sourcecode.cpp.cpp; name = TcpSocket.cpp; path = ../source/TcpSocket.cpp; sourceTree = SOURCE_ROOT; };
		36D56D4C139FAC9200D2BC1B /* TcpSocket.h */ = {isa = PBXFileReference; fileEncoding = 4; lastKnownFileType = sourcecode.c.h; name = TcpSocket.h; path = ../source/TcpSocket.h; sourceTree = SOURCE_ROOT; };
		36D56D4D139FAC9200D2BC1B /* UdpSocket.cpp */ = {isa = PBXFileReference; fileEncoding = 4; lastKnownFileType = sourcecode.cpp.cpp; name = UdpSocket.cpp; path = ../source/UdpSocket.cpp; sourceTree = SOURCE_ROOT; };
		36D56D4E139FAC9200D2BC1B /* UdpSocket.h */ = {isa = PBXFileReference; fileEncoding = 4; lastKnownFileType = sourcecode.c.h; name = UdpSocket.h; path = ../source/UdpSocket.h; sourceTree = SOURCE_ROOT; };
		36D56D4F139FAC9200D2BC1B /* XfireConnection.cpp */ = {isa = PBXFileReference; fileEncoding = 4; lastKnownFileType = sourcecode.cpp.cpp; name = XfireConnection.cpp; path = ../source/XfireConnection.cpp; sourceTree = SOURCE_ROOT; };
		36D56D50139FAC9200D2BC1B /* XfireConnection.h */ = {isa = PBXFileReference; fileEncoding = 4; lastKnownFileType = sourcecode.c.h; name = XfireConnection.h; path = ../source/XfireConnection.h; sourceTree = SOURCE_ROOT; };
/* End PBXFileReference section */

/* Begin PBXFrameworksBuildPhase section */
		360F8F1712F6B8DC00C69C6F /* Frameworks */ = {
			isa = PBXFrameworksBuildPhase;
			buildActionMask = 2147483647;
			files = (
			);
			runOnlyForDeploymentPostprocessing = 0;
		};
/* End PBXFrameworksBuildPhase section */

/* Begin PBXGroup section */
		360F8F0F12F6B8DC00C69C6F = {
			isa = PBXGroup;
			children = (
				360F8F1C12F6B8DC00C69C6F /* XfireKit */,
				360F8F1B12F6B8DC00C69C6F /* Products */,
			);
			sourceTree = "<group>";
		};
		360F8F1B12F6B8DC00C69C6F /* Products */ = {
			isa = PBXGroup;
			children = (
				360F8F1A12F6B8DC00C69C6F /* XfireKit.dylib */,
			);
			name = Products;
			sourceTree = "<group>";
		};
		360F8F1C12F6B8DC00C69C6F /* XfireKit */ = {
			isa = PBXGroup;
			children = (
				36778CCF139FEFE2009225CE /* Friends & Groups */,
				36D56D46139FAC9200D2BC1B /* ByteStorage.cpp */,
				36D56D47139FAC9200D2BC1B /* ByteStorage.h */,
				360F8F3512F6B98A00C69C6F /* SessionID.cpp */,
				360F8F3312F6B98200C69C6F /* SessionID.h */,
				360F8F3B12F6BAE500C69C6F /* Moniker.cpp */,
				360F8F3C12F6BAE500C69C6F /* Moniker.h */,
				36D56D65139FACCA00D2BC1B /* Connection */,
				36D56D64139FACBE00D2BC1B /* Socket */,
				36D56D5E139FACA600D2BC1B /* SHA */,
				360F8F2B12F6B91900C69C6F /* XfireKit.cpp */,
				360F8F2C12F6B91900C69C6F /* XfireKit.h */,
				360F8F1F12F6B8DC00C69C6F /* XfireKitProj.xcconfig */,
				360F8F2012F6B8DC00C69C6F /* XfireKitTarget.xcconfig */,
				360F8F1D12F6B8DC00C69C6F /* Supporting Files */,
			);
			path = XfireKit;
			sourceTree = "<group>";
		};
		360F8F1D12F6B8DC00C69C6F /* Supporting Files */ = {
			isa = PBXGroup;
			children = (
				360F8F1E12F6B8DC00C69C6F /* XfireKit-Prefix.pch */,
			);
			name = "Supporting Files";
			sourceTree = "<group>";
		};
		36778CCF139FEFE2009225CE /* Friends & Groups */ = {
			isa = PBXGroup;
			children = (
				36778CCA139FEFDE009225CE /* Friend.cpp */,
				36778CCB139FEFDE009225CE /* Friend.h */,
			);
			name = "Friends & Groups";
			sourceTree = "<group>";
		};
		36D56D5E139FACA600D2BC1B /* SHA */ = {
			isa = PBXGroup;
			children = (
				360F8F2F12F6B95C00C69C6F /* sha1.c */,
				360F8F3012F6B95C00C69C6F /* sha1.h */,
			);
			name = SHA;
			sourceTree = "<group>";
		};
		36D56D64139FACBE00D2BC1B /* Socket */ = {
			isa = PBXGroup;
			children = (
				36D56D4A139FAC9200D2BC1B /* SocketDelegate.h */,
				36D56D45139FAC9200D2BC1B /* AbstractSocketFactory.h */,
				36D56D4B139FAC9200D2BC1B /* TcpSocket.cpp */,
				36D56D4C139FAC9200D2BC1B /* TcpSocket.h */,
				36D56D4D139FAC9200D2BC1B /* UdpSocket.cpp */,
				36D56D4E139FAC9200D2BC1B /* UdpSocket.h */,
			);
			name = Socket;
			sourceTree = "<group>";
		};
		36D56D65139FACCA00D2BC1B /* Connection */ = {
			isa = PBXGroup;
			children = (
				36D56D48139FAC9200D2BC1B /* Session.cpp */,
				36D56D49139FAC9200D2BC1B /* Session.h */,
				36D56D4F139FAC9200D2BC1B /* XfireConnection.cpp */,
				36D56D50139FAC9200D2BC1B /* XfireConnection.h */,
			);
			name = Connection;
			sourceTree = "<group>";
		};
/* End PBXGroup section */

/* Begin PBXHeadersBuildPhase section */
		360F8F1812F6B8DC00C69C6F /* Headers */ = {
			isa = PBXHeadersBuildPhase;
			buildActionMask = 2147483647;
			files = (
				360F8F2E12F6B91900C69C6F /* XfireKit.h in Headers */,
				360F8F3212F6B95C00C69C6F /* sha1.h in Headers */,
				360F8F3412F6B98200C69C6F /* SessionID.h in Headers */,
				360F8F3E12F6BAE500C69C6F /* Moniker.h in Headers */,
				36D56D51139FAC9200D2BC1B /* AbstractSocketFactory.h in Headers */,
				36D56D53139FAC9200D2BC1B /* ByteStorage.h in Headers */,
				36D56D55139FAC9200D2BC1B /* Session.h in Headers */,
				36D56D56139FAC9200D2BC1B /* SocketDelegate.h in Headers */,
				36D56D58139FAC9200D2BC1B /* TcpSocket.h in Headers */,
				36D56D5A139FAC9200D2BC1B /* UdpSocket.h in Headers */,
				36D56D5C139FAC9200D2BC1B /* XfireConnection.h in Headers */,
				36778CCD139FEFDE009225CE /* Friend.h in Headers */,
			);
			runOnlyForDeploymentPostprocessing = 0;
		};
/* End PBXHeadersBuildPhase section */

/* Begin PBXNativeTarget section */
		360F8F1912F6B8DC00C69C6F /* XfireKit */ = {
			isa = PBXNativeTarget;
			buildConfigurationList = 360F8F2812F6B8DC00C69C6F /* Build configuration list for PBXNativeTarget "XfireKit" */;
			buildPhases = (
				360F8F1612F6B8DC00C69C6F /* Sources */,
				360F8F1712F6B8DC00C69C6F /* Frameworks */,
				360F8F1812F6B8DC00C69C6F /* Headers */,
			);
			buildRules = (
			);
			dependencies = (
			);
			name = XfireKit;
			productName = XfireKit;
			productReference = 360F8F1A12F6B8DC00C69C6F /* XfireKit.dylib */;
			productType = "com.apple.product-type.library.dynamic";
		};
/* End PBXNativeTarget section */

/* Begin PBXProject section */
		360F8F1112F6B8DC00C69C6F /* Project object */ = {
			isa = PBXProject;
			attributes = {
				ORGANIZATIONNAME = Exurion;
			};
			buildConfigurationList = 360F8F1412F6B8DC00C69C6F /* Build configuration list for PBXProject "XfireKit" */;
			compatibilityVersion = "Xcode 3.2";
			developmentRegion = English;
			hasScannedForEncodings = 0;
			knownRegions = (
				en,
			);
			mainGroup = 360F8F0F12F6B8DC00C69C6F;
			productRefGroup = 360F8F1B12F6B8DC00C69C6F /* Products */;
			projectDirPath = "";
			projectRoot = "";
			targets = (
				360F8F1912F6B8DC00C69C6F /* XfireKit */,
			);
		};
/* End PBXProject section */

/* Begin PBXSourcesBuildPhase section */
		360F8F1612F6B8DC00C69C6F /* Sources */ = {
			isa = PBXSourcesBuildPhase;
			buildActionMask = 2147483647;
			files = (
				360F8F2D12F6B91900C69C6F /* XfireKit.cpp in Sources */,
				360F8F3112F6B95C00C69C6F /* sha1.c in Sources */,
				360F8F3612F6B98A00C69C6F /* SessionID.cpp in Sources */,
				360F8F3D12F6BAE500C69C6F /* Moniker.cpp in Sources */,
				36D56D52139FAC9200D2BC1B /* ByteStorage.cpp in Sources */,
				36D56D54139FAC9200D2BC1B /* Session.cpp in Sources */,
				36D56D57139FAC9200D2BC1B /* TcpSocket.cpp in Sources */,
				36D56D59139FAC9200D2BC1B /* UdpSocket.cpp in Sources */,
				36D56D5B139FAC9200D2BC1B /* XfireConnection.cpp in Sources */,
				36778CCC139FEFDE009225CE /* Friend.cpp in Sources */,
			);
			runOnlyForDeploymentPostprocessing = 0;
		};
/* End PBXSourcesBuildPhase section */

/* Begin XCBuildConfiguration section */
		360F8F2612F6B8DC00C69C6F /* Debug */ = {
			isa = XCBuildConfiguration;
			buildSettings = {
				ARCHS = "$(ARCHS_STANDARD_32_64_BIT)";
				GCC_C_LANGUAGE_STANDARD = gnu99;
				GCC_OPTIMIZATION_LEVEL = 0;
				GCC_PREPROCESSOR_DEFINITIONS = DEBUG;
				GCC_VERSION = com.apple.compilers.llvm.clang.1_0;
				GCC_WARN_ABOUT_RETURN_TYPE = YES;
				GCC_WARN_UNUSED_VARIABLE = YES;
				MACOSX_DEPLOYMENT_TARGET = 10.6;
				ONLY_ACTIVE_ARCH = YES;
				SDKROOT = macosx;
			};
			name = Debug;
		};
		360F8F2712F6B8DC00C69C6F /* Release */ = {
			isa = XCBuildConfiguration;
			buildSettings = {
				ARCHS = "$(ARCHS_STANDARD_32_64_BIT)";
				GCC_C_LANGUAGE_STANDARD = gnu99;
				GCC_VERSION = com.apple.compilers.llvm.clang.1_0;
				GCC_WARN_ABOUT_RETURN_TYPE = YES;
				GCC_WARN_UNUSED_VARIABLE = YES;
				MACOSX_DEPLOYMENT_TARGET = 10.6;
				SDKROOT = macosx;
			};
			name = Release;
		};
		360F8F2912F6B8DC00C69C6F /* Debug */ = {
			isa = XCBuildConfiguration;
			buildSettings = {
				ALWAYS_SEARCH_USER_PATHS = NO;
				COPY_PHASE_STRIP = NO;
				GCC_DYNAMIC_NO_PIC = NO;
				GCC_ENABLE_OBJC_EXCEPTIONS = YES;
				PRODUCT_NAME = "$(TARGET_NAME)";
			};
			name = Debug;
		};
		360F8F2A12F6B8DC00C69C6F /* Release */ = {
			isa = XCBuildConfiguration;
			buildSettings = {
				ALWAYS_SEARCH_USER_PATHS = NO;
				COPY_PHASE_STRIP = YES;
				DEBUG_INFORMATION_FORMAT = "dwarf-with-dsym";
				GCC_ENABLE_OBJC_EXCEPTIONS = YES;
				PRODUCT_NAME = "$(TARGET_NAME)";
			};
			name = Release;
		};
/* End XCBuildConfiguration section */

/* Begin XCConfigurationList section */
		360F8F1412F6B8DC00C69C6F /* Build configuration list for PBXProject "XfireKit" */ = {
			isa = XCConfigurationList;
			buildConfigurations = (
				360F8F2612F6B8DC00C69C6F /* Debug */,
				360F8F2712F6B8DC00C69C6F /* Release */,
			);
			defaultConfigurationIsVisible = 0;
			defaultConfigurationName = Release;
		};
		360F8F2812F6B8DC00C69C6F /* Build configuration list for PBXNativeTarget "XfireKit" */ = {
			isa = XCConfigurationList;
			buildConfigurations = (
				360F8F2912F6B8DC00C69C6F /* Debug */,
				360F8F2A12F6B8DC00C69C6F /* Release */,
			);
			defaultConfigurationIsVisible = 0;
			defaultConfigurationName = Release;
		};
/* End XCConfigurationList section */
	};
	rootObject = 360F8F1112F6B8DC00C69C6F /* Project object */;
}
